// !$*UTF8*$!
{
	archiveVersion = 1;
	classes = {
	};
	objectVersion = 56;
	objects = {

/* Begin PBXBuildFile section */
		CA3174A62C739FCB004FC04D /* AppDelegate.swift in Sources */ = {isa = PBXBuildFile; fileRef = CA3174A52C739FCB004FC04D /* AppDelegate.swift */; };
		CA3174A82C739FCB004FC04D /* SceneDelegate.swift in Sources */ = {isa = PBXBuildFile; fileRef = CA3174A72C739FCB004FC04D /* SceneDelegate.swift */; };
		CA3174AA2C739FCB004FC04D /* ViewController.swift in Sources */ = {isa = PBXBuildFile; fileRef = CA3174A92C739FCB004FC04D /* ViewController.swift */; };
		CA3174AD2C739FCB004FC04D /* Base in Resources */ = {isa = PBXBuildFile; fileRef = CA3174AC2C739FCB004FC04D /* Base */; };
		CA3174AF2C739FCC004FC04D /* Assets.xcassets in Resources */ = {isa = PBXBuildFile; fileRef = CA3174AE2C739FCC004FC04D /* Assets.xcassets */; };
		CA3174B22C739FCC004FC04D /* Base in Resources */ = {isa = PBXBuildFile; fileRef = CA3174B12C739FCC004FC04D /* Base */; };
		CA3174BD2C739FCC004FC04D /* video_playerTests.swift in Sources */ = {isa = PBXBuildFile; fileRef = CA3174BC2C739FCC004FC04D /* video_playerTests.swift */; };
		CA3174C72C739FCC004FC04D /* video_playerUITests.swift in Sources */ = {isa = PBXBuildFile; fileRef = CA3174C62C739FCC004FC04D /* video_playerUITests.swift */; };
		CA3174C92C739FCC004FC04D /* video_playerUITestsLaunchTests.swift in Sources */ = {isa = PBXBuildFile; fileRef = CA3174C82C739FCC004FC04D /* video_playerUITestsLaunchTests.swift */; };
		CA3174D62C73A3FC004FC04D /* main.storyboard in Resources */ = {isa = PBXBuildFile; fileRef = CA3174D52C73A3FC004FC04D /* main.storyboard */; };
		CA3174D82C73D44A004FC04D /* Tenses.mp4 in Resources */ = {isa = PBXBuildFile; fileRef = CA3174D72C73D44A004FC04D /* Tenses.mp4 */; };
/* End PBXBuildFile section */

/* Begin PBXContainerItemProxy section */
		CA3174B92C739FCC004FC04D /* PBXContainerItemProxy */ = {
			isa = PBXContainerItemProxy;
			containerPortal = CA31749A2C739FCB004FC04D /* Project object */;
			proxyType = 1;
			remoteGlobalIDString = CA3174A12C739FCB004FC04D;
			remoteInfo = video_player;
		};
		CA3174C32C739FCC004FC04D /* PBXContainerItemProxy */ = {
			isa = PBXContainerItemProxy;
			containerPortal = CA31749A2C739FCB004FC04D /* Project object */;
			proxyType = 1;
			remoteGlobalIDString = CA3174A12C739FCB004FC04D;
			remoteInfo = video_player;
		};
/* End PBXContainerItemProxy section */

/* Begin PBXFileReference section */
		CA3174A22C739FCB004FC04D /* video_player.app */ = {isa = PBXFileReference; explicitFileType = wrapper.application; includeInIndex = 0; path = video_player.app; sourceTree = BUILT_PRODUCTS_DIR; };
		CA3174A52C739FCB004FC04D /* AppDelegate.swift */ = {isa = PBXFileReference; lastKnownFileType = sourcecode.swift; path = AppDelegate.swift; sourceTree = "<group>"; };
		CA3174A72C739FCB004FC04D /* SceneDelegate.swift */ = {isa = PBXFileReference; lastKnownFileType = sourcecode.swift; path = SceneDelegate.swift; sourceTree = "<group>"; };
		CA3174A92C739FCB004FC04D /* ViewController.swift */ = {isa = PBXFileReference; lastKnownFileType = sourcecode.swift; path = ViewController.swift; sourceTree = "<group>"; };
		CA3174AC2C739FCB004FC04D /* Base */ = {isa = PBXFileReference; lastKnownFileType = file.storyboard; name = Base; path = Base.lproj/Main.storyboard; sourceTree = "<group>"; };
		CA3174AE2C739FCC004FC04D /* Assets.xcassets */ = {isa = PBXFileReference; lastKnownFileType = folder.assetcatalog; path = Assets.xcassets; sourceTree = "<group>"; };
		CA3174B12C739FCC004FC04D /* Base */ = {isa = PBXFileReference; lastKnownFileType = file.storyboard; name = Base; path = Base.lproj/LaunchScreen.storyboard; sourceTree = "<group>"; };
		CA3174B32C739FCC004FC04D /* Info.plist */ = {isa = PBXFileReference; lastKnownFileType = text.plist.xml; path = Info.plist; sourceTree = "<group>"; };
		CA3174B82C739FCC004FC04D /* video_playerTests.xctest */ = {isa = PBXFileReference; explicitFileType = wrapper.cfbundle; includeInIndex = 0; path = video_playerTests.xctest; sourceTree = BUILT_PRODUCTS_DIR; };
		CA3174BC2C739FCC004FC04D /* video_playerTests.swift */ = {isa = PBXFileReference; lastKnownFileType = sourcecode.swift; path = video_playerTests.swift; sourceTree = "<group>"; };
		CA3174C22C739FCC004FC04D /* video_playerUITests.xctest */ = {isa = PBXFileReference; explicitFileType = wrapper.cfbundle; includeInIndex = 0; path = video_playerUITests.xctest; sourceTree = BUILT_PRODUCTS_DIR; };
		CA3174C62C739FCC004FC04D /* video_playerUITests.swift */ = {isa = PBXFileReference; lastKnownFileType = sourcecode.swift; path = video_playerUITests.swift; sourceTree = "<group>"; };
		CA3174C82C739FCC004FC04D /* video_playerUITestsLaunchTests.swift */ = {isa = PBXFileReference; lastKnownFileType = sourcecode.swift; path = video_playerUITestsLaunchTests.swift; sourceTree = "<group>"; };
		CA3174D52C73A3FC004FC04D /* main.storyboard */ = {isa = PBXFileReference; lastKnownFileType = file.storyboard; path = main.storyboard; sourceTree = "<group>"; };
		CA3174D72C73D44A004FC04D /* Tenses.mp4 */ = {isa = PBXFileReference; lastKnownFileType = file; name = Tenses.mp4; path = ../../../Downloads/Tenses.mp4; sourceTree = "<group>"; };
/* End PBXFileReference section */

/* Begin PBXFrameworksBuildPhase section */
		CA31749F2C739FCB004FC04D /* Frameworks */ = {
			isa = PBXFrameworksBuildPhase;
			buildActionMask = 2147483647;
			files = (
			);
			runOnlyForDeploymentPostprocessing = 0;
		};
		CA3174B52C739FCC004FC04D /* Frameworks */ = {
			isa = PBXFrameworksBuildPhase;
			buildActionMask = 2147483647;
			files = (
			);
			runOnlyForDeploymentPostprocessing = 0;
		};
		CA3174BF2C739FCC004FC04D /* Frameworks */ = {
			isa = PBXFrameworksBuildPhase;
			buildActionMask = 2147483647;
			files = (
			);
			runOnlyForDeploymentPostprocessing = 0;
		};
/* End PBXFrameworksBuildPhase section */

/* Begin PBXGroup section */
		CA3174992C739FCB004FC04D = {
			isa = PBXGroup;
			children = (
				CA3174A42C739FCB004FC04D /* video_player */,
				CA3174BB2C739FCC004FC04D /* video_playerTests */,
				CA3174C52C739FCC004FC04D /* video_playerUITests */,
				CA3174A32C739FCB004FC04D /* Products */,
			);
			sourceTree = "<group>";
		};
		CA3174A32C739FCB004FC04D /* Products */ = {
			isa = PBXGroup;
			children = (
				CA3174A22C739FCB004FC04D /* video_player.app */,
				CA3174B82C739FCC004FC04D /* video_playerTests.xctest */,
				CA3174C22C739FCC004FC04D /* video_playerUITests.xctest */,
			);
			name = Products;
			sourceTree = "<group>";
		};
		CA3174A42C739FCB004FC04D /* video_player */ = {
			isa = PBXGroup;
			children = (
				CA3174D72C73D44A004FC04D /* Tenses.mp4 */,
				CA3174A52C739FCB004FC04D /* AppDelegate.swift */,
				CA3174A72C739FCB004FC04D /* SceneDelegate.swift */,
				CA3174A92C739FCB004FC04D /* ViewController.swift */,
				CA3174AB2C739FCB004FC04D /* Main.storyboard */,
				CA3174AE2C739FCC004FC04D /* Assets.xcassets */,
				CA3174B02C739FCC004FC04D /* LaunchScreen.storyboard */,
				CA3174B32C739FCC004FC04D /* Info.plist */,
				CA3174D52C73A3FC004FC04D /* main.storyboard */,
			);
			path = video_player;
			sourceTree = "<group>";
		};
		CA3174BB2C739FCC004FC04D /* video_playerTests */ = {
			isa = PBXGroup;
			children = (
				CA3174BC2C739FCC004FC04D /* video_playerTests.swift */,
			);
			path = video_playerTests;
			sourceTree = "<group>";
		};
		CA3174C52C739FCC004FC04D /* video_playerUITests */ = {
			isa = PBXGroup;
			children = (
				CA3174C62C739FCC004FC04D /* video_playerUITests.swift */,
				CA3174C82C739FCC004FC04D /* video_playerUITestsLaunchTests.swift */,
			);
			path = video_playerUITests;
			sourceTree = "<group>";
		};
/* End PBXGroup section */

/* Begin PBXNativeTarget section */
		CA3174A12C739FCB004FC04D /* video_player */ = {
			isa = PBXNativeTarget;
			buildConfigurationList = CA3174CC2C739FCC004FC04D /* Build configuration list for PBXNativeTarget "video_player" */;
			buildPhases = (
				CA31749E2C739FCB004FC04D /* Sources */,
				CA31749F2C739FCB004FC04D /* Frameworks */,
				CA3174A02C739FCB004FC04D /* Resources */,
			);
			buildRules = (
			);
			dependencies = (
			);
			name = video_player;
			productName = video_player;
			productReference = CA3174A22C739FCB004FC04D /* video_player.app */;
			productType = "com.apple.product-type.application";
		};
		CA3174B72C739FCC004FC04D /* video_playerTests */ = {
			isa = PBXNativeTarget;
			buildConfigurationList = CA3174CF2C739FCC004FC04D /* Build configuration list for PBXNativeTarget "video_playerTests" */;
			buildPhases = (
				CA3174B42C739FCC004FC04D /* Sources */,
				CA3174B52C739FCC004FC04D /* Frameworks */,
				CA3174B62C739FCC004FC04D /* Resources */,
			);
			buildRules = (
			);
			dependencies = (
				CA3174BA2C739FCC004FC04D /* PBXTargetDependency */,
			);
			name = video_playerTests;
			productName = video_playerTests;
			productReference = CA3174B82C739FCC004FC04D /* video_playerTests.xctest */;
			productType = "com.apple.product-type.bundle.unit-test";
		};
		CA3174C12C739FCC004FC04D /* video_playerUITests */ = {
			isa = PBXNativeTarget;
			buildConfigurationList = CA3174D22C739FCC004FC04D /* Build configuration list for PBXNativeTarget "video_playerUITests" */;
			buildPhases = (
				CA3174BE2C739FCC004FC04D /* Sources */,
				CA3174BF2C739FCC004FC04D /* Frameworks */,
				CA3174C02C739FCC004FC04D /* Resources */,
			);
			buildRules = (
			);
			dependencies = (
				CA3174C42C739FCC004FC04D /* PBXTargetDependency */,
			);
			name = video_playerUITests;
			productName = video_playerUITests;
			productReference = CA3174C22C739FCC004FC04D /* video_playerUITests.xctest */;
			productType = "com.apple.product-type.bundle.ui-testing";
		};
/* End PBXNativeTarget section */

/* Begin PBXProject section */
		CA31749A2C739FCB004FC04D /* Project object */ = {
			isa = PBXProject;
			attributes = {
				BuildIndependentTargetsInParallel = 1;
				LastSwiftUpdateCheck = 1540;
				LastUpgradeCheck = 1540;
				TargetAttributes = {
					CA3174A12C739FCB004FC04D = {
						CreatedOnToolsVersion = 15.4;
					};
					CA3174B72C739FCC004FC04D = {
						CreatedOnToolsVersion = 15.4;
						TestTargetID = CA3174A12C739FCB004FC04D;
					};
					CA3174C12C739FCC004FC04D = {
						CreatedOnToolsVersion = 15.4;
						TestTargetID = CA3174A12C739FCB004FC04D;
					};
				};
			};
			buildConfigurationList = CA31749D2C739FCB004FC04D /* Build configuration list for PBXProject "video_player" */;
			compatibilityVersion = "Xcode 14.0";
			developmentRegion = en;
			hasScannedForEncodings = 0;
			knownRegions = (
				en,
				Base,
			);
			mainGroup = CA3174992C739FCB004FC04D;
			productRefGroup = CA3174A32C739FCB004FC04D /* Products */;
			projectDirPath = "";
			projectRoot = "";
			targets = (
				CA3174A12C739FCB004FC04D /* video_player */,
				CA3174B72C739FCC004FC04D /* video_playerTests */,
				CA3174C12C739FCC004FC04D /* video_playerUITests */,
			);
		};
/* End PBXProject section */

/* Begin PBXResourcesBuildPhase section */
		CA3174A02C739FCB004FC04D /* Resources */ = {
			isa = PBXResourcesBuildPhase;
			buildActionMask = 2147483647;
			files = (
				CA3174AF2C739FCC004FC04D /* Assets.xcassets in Resources */,
				CA3174B22C739FCC004FC04D /* Base in Resources */,
				CA3174D82C73D44A004FC04D /* Tenses.mp4 in Resources */,
				CA3174AD2C739FCB004FC04D /* Base in Resources */,
				CA3174D62C73A3FC004FC04D /* main.storyboard in Resources */,
			);
			runOnlyForDeploymentPostprocessing = 0;
		};
		CA3174B62C739FCC004FC04D /* Resources */ = {
			isa = PBXResourcesBuildPhase;
			buildActionMask = 2147483647;
			files = (
			);
			runOnlyForDeploymentPostprocessing = 0;
		};
		CA3174C02C739FCC004FC04D /* Resources */ = {
			isa = PBXResourcesBuildPhase;
			buildActionMask = 2147483647;
			files = (
			);
			runOnlyForDeploymentPostprocessing = 0;
		};
/* End PBXResourcesBuildPhase section */

/* Begin PBXSourcesBuildPhase section */
		CA31749E2C739FCB004FC04D /* Sources */ = {
			isa = PBXSourcesBuildPhase;
			buildActionMask = 2147483647;
			files = (
				CA3174AA2C739FCB004FC04D /* ViewController.swift in Sources */,
				CA3174A62C739FCB004FC04D /* AppDelegate.swift in Sources */,
				CA3174A82C739FCB004FC04D /* SceneDelegate.swift in Sources */,
			);
			runOnlyForDeploymentPostprocessing = 0;
		};
		CA3174B42C739FCC004FC04D /* Sources */ = {
			isa = PBXSourcesBuildPhase;
			buildActionMask = 2147483647;
			files = (
				CA3174BD2C739FCC004FC04D /* video_playerTests.swift in Sources */,
			);
			runOnlyForDeploymentPostprocessing = 0;
		};
		CA3174BE2C739FCC004FC04D /* Sources */ = {
			isa = PBXSourcesBuildPhase;
			buildActionMask = 2147483647;
			files = (
				CA3174C72C739FCC004FC04D /* video_playerUITests.swift in Sources */,
				CA3174C92C739FCC004FC04D /* video_playerUITestsLaunchTests.swift in Sources */,
			);
			runOnlyForDeploymentPostprocessing = 0;
		};
/* End PBXSourcesBuildPhase section */

/* Begin PBXTargetDependency section */
		CA3174BA2C739FCC004FC04D /* PBXTargetDependency */ = {
			isa = PBXTargetDependency;
			target = CA3174A12C739FCB004FC04D /* video_player */;
			targetProxy = CA3174B92C739FCC004FC04D /* PBXContainerItemProxy */;
		};
		CA3174C42C739FCC004FC04D /* PBXTargetDependency */ = {
			isa = PBXTargetDependency;
			target = CA3174A12C739FCB004FC04D /* video_player */;
			targetProxy = CA3174C32C739FCC004FC04D /* PBXContainerItemProxy */;
		};
/* End PBXTargetDependency section */

/* Begin PBXVariantGroup section */
		CA3174AB2C739FCB004FC04D /* Main.storyboard */ = {
			isa = PBXVariantGroup;
			children = (
				CA3174AC2C739FCB004FC04D /* Base */,
			);
			name = Main.storyboard;
			sourceTree = "<group>";
		};
		CA3174B02C739FCC004FC04D /* LaunchScreen.storyboard */ = {
			isa = PBXVariantGroup;
			children = (
				CA3174B12C739FCC004FC04D /* Base */,
			);
			name = LaunchScreen.storyboard;
			sourceTree = "<group>";
		};
/* End PBXVariantGroup section */

/* Begin XCBuildConfiguration section */
		CA3174CA2C739FCC004FC04D /* Debug */ = {
			isa = XCBuildConfiguration;
			buildSettings = {
				ALWAYS_SEARCH_USER_PATHS = NO;
				ASSETCATALOG_COMPILER_GENERATE_SWIFT_ASSET_SYMBOL_EXTENSIONS = YES;
				CLANG_ANALYZER_NONNULL = YES;
				CLANG_ANALYZER_NUMBER_OBJECT_CONVERSION = YES_AGGRESSIVE;
				CLANG_CXX_LANGUAGE_STANDARD = "gnu++20";
				CLANG_ENABLE_MODULES = YES;
				CLANG_ENABLE_OBJC_ARC = YES;
				CLANG_ENABLE_OBJC_WEAK = YES;
				CLANG_WARN_BLOCK_CAPTURE_AUTORELEASING = YES;
				CLANG_WARN_BOOL_CONVERSION = YES;
				CLANG_WARN_COMMA = YES;
				CLANG_WARN_CONSTANT_CONVERSION = YES;
				CLANG_WARN_DEPRECATED_OBJC_IMPLEMENTATIONS = YES;
				CLANG_WARN_DIRECT_OBJC_ISA_USAGE = YES_ERROR;
				CLANG_WARN_DOCUMENTATION_COMMENTS = YES;
				CLANG_WARN_EMPTY_BODY = YES;
				CLANG_WARN_ENUM_CONVERSION = YES;
				CLANG_WARN_INFINITE_RECURSION = YES;
				CLANG_WARN_INT_CONVERSION = YES;
				CLANG_WARN_NON_LITERAL_NULL_CONVERSION = YES;
				CLANG_WARN_OBJC_IMPLICIT_RETAIN_SELF = YES;
				CLANG_WARN_OBJC_LITERAL_CONVERSION = YES;
				CLANG_WARN_OBJC_ROOT_CLASS = YES_ERROR;
				CLANG_WARN_QUOTED_INCLUDE_IN_FRAMEWORK_HEADER = YES;
				CLANG_WARN_RANGE_LOOP_ANALYSIS = YES;
				CLANG_WARN_STRICT_PROTOTYPES = YES;
				CLANG_WARN_SUSPICIOUS_MOVE = YES;
				CLANG_WARN_UNGUARDED_AVAILABILITY = YES_AGGRESSIVE;
				CLANG_WARN_UNREACHABLE_CODE = YES;
				CLANG_WARN__DUPLICATE_METHOD_MATCH = YES;
				COPY_PHASE_STRIP = NO;
				DEBUG_INFORMATION_FORMAT = dwarf;
				ENABLE_STRICT_OBJC_MSGSEND = YES;
				ENABLE_TESTABILITY = YES;
				ENABLE_USER_SCRIPT_SANDBOXING = YES;
				GCC_C_LANGUAGE_STANDARD = gnu17;
				GCC_DYNAMIC_NO_PIC = NO;
				GCC_NO_COMMON_BLOCKS = YES;
				GCC_OPTIMIZATION_LEVEL = 0;
				GCC_PREPROCESSOR_DEFINITIONS = (
					"DEBUG=1",
					"$(inherited)",
				);
				GCC_WARN_64_TO_32_BIT_CONVERSION = YES;
				GCC_WARN_ABOUT_RETURN_TYPE = YES_ERROR;
				GCC_WARN_UNDECLARED_SELECTOR = YES;
				GCC_WARN_UNINITIALIZED_AUTOS = YES_AGGRESSIVE;
				GCC_WARN_UNUSED_FUNCTION = YES;
				GCC_WARN_UNUSED_VARIABLE = YES;
				IPHONEOS_DEPLOYMENT_TARGET = 17.5;
				LOCALIZATION_PREFERS_STRING_CATALOGS = YES;
				MTL_ENABLE_DEBUG_INFO = INCLUDE_SOURCE;
				MTL_FAST_MATH = YES;
				ONLY_ACTIVE_ARCH = YES;
				SDKROOT = iphoneos;
				SWIFT_ACTIVE_COMPILATION_CONDITIONS = "DEBUG $(inherited)";
				SWIFT_OPTIMIZATION_LEVEL = "-Onone";
			};
			name = Debug;
		};
		CA3174CB2C739FCC004FC04D /* Release */ = {
			isa = XCBuildConfiguration;
			buildSettings = {
				ALWAYS_SEARCH_USER_PATHS = NO;
				ASSETCATALOG_COMPILER_GENERATE_SWIFT_ASSET_SYMBOL_EXTENSIONS = YES;
				CLANG_ANALYZER_NONNULL = YES;
				CLANG_ANALYZER_NUMBER_OBJECT_CONVERSION = YES_AGGRESSIVE;
				CLANG_CXX_LANGUAGE_STANDARD = "gnu++20";
				CLANG_ENABLE_MODULES = YES;
				CLANG_ENABLE_OBJC_ARC = YES;
				CLANG_ENABLE_OBJC_WEAK = YES;
				CLANG_WARN_BLOCK_CAPTURE_AUTORELEASING = YES;
				CLANG_WARN_BOOL_CONVERSION = YES;
				CLANG_WARN_COMMA = YES;
				CLANG_WARN_CONSTANT_CONVERSION = YES;
				CLANG_WARN_DEPRECATED_OBJC_IMPLEMENTATIONS = YES;
				CLANG_WARN_DIRECT_OBJC_ISA_USAGE = YES_ERROR;
				CLANG_WARN_DOCUMENTATION_COMMENTS = YES;
				CLANG_WARN_EMPTY_BODY = YES;
				CLANG_WARN_ENUM_CONVERSION = YES;
				CLANG_WARN_INFINITE_RECURSION = YES;
				CLANG_WARN_INT_CONVERSION = YES;
				CLANG_WARN_NON_LITERAL_NULL_CONVERSION = YES;
				CLANG_WARN_OBJC_IMPLICIT_RETAIN_SELF = YES;
				CLANG_WARN_OBJC_LITERAL_CONVERSION = YES;
				CLANG_WARN_OBJC_ROOT_CLASS = YES_ERROR;
				CLANG_WARN_QUOTED_INCLUDE_IN_FRAMEWORK_HEADER = YES;
				CLANG_WARN_RANGE_LOOP_ANALYSIS = YES;
				CLANG_WARN_STRICT_PROTOTYPES = YES;
				CLANG_WARN_SUSPICIOUS_MOVE = YES;
				CLANG_WARN_UNGUARDED_AVAILABILITY = YES_AGGRESSIVE;
				CLANG_WARN_UNREACHABLE_CODE = YES;
				CLANG_WARN__DUPLICATE_METHOD_MATCH = YES;
				COPY_PHASE_STRIP = NO;
				DEBUG_INFORMATION_FORMAT = "dwarf-with-dsym";
				ENABLE_NS_ASSERTIONS = NO;
				ENABLE_STRICT_OBJC_MSGSEND = YES;
				ENABLE_USER_SCRIPT_SANDBOXING = YES;
				GCC_C_LANGUAGE_STANDARD = gnu17;
				GCC_NO_COMMON_BLOCKS = YES;
				GCC_WARN_64_TO_32_BIT_CONVERSION = YES;
				GCC_WARN_ABOUT_RETURN_TYPE = YES_ERROR;
				GCC_WARN_UNDECLARED_SELECTOR = YES;
				GCC_WARN_UNINITIALIZED_AUTOS = YES_AGGRESSIVE;
				GCC_WARN_UNUSED_FUNCTION = YES;
				GCC_WARN_UNUSED_VARIABLE = YES;
				IPHONEOS_DEPLOYMENT_TARGET = 17.5;
				LOCALIZATION_PREFERS_STRING_CATALOGS = YES;
				MTL_ENABLE_DEBUG_INFO = NO;
				MTL_FAST_MATH = YES;
				SDKROOT = iphoneos;
				SWIFT_COMPILATION_MODE = wholemodule;
				VALIDATE_PRODUCT = YES;
			};
			name = Release;
		};
		CA3174CD2C739FCC004FC04D /* Debug */ = {
			isa = XCBuildConfiguration;
			buildSettings = {
				ASSETCATALOG_COMPILER_APPICON_NAME = AppIcon;
				ASSETCATALOG_COMPILER_GLOBAL_ACCENT_COLOR_NAME = AccentColor;
				CODE_SIGN_STYLE = Automatic;
				CURRENT_PROJECT_VERSION = 1;
				DEVELOPMENT_TEAM = 49PKGS3M99;
				GENERATE_INFOPLIST_FILE = YES;
				INFOPLIST_FILE = video_player/Info.plist;
				INFOPLIST_KEY_UIApplicationSupportsIndirectInputEvents = YES;
				INFOPLIST_KEY_UILaunchStoryboardName = LaunchScreen;
				INFOPLIST_KEY_UIMainStoryboardFile = Main;
				INFOPLIST_KEY_UISupportedInterfaceOrientations_iPad = "UIInterfaceOrientationPortrait UIInterfaceOrientationPortraitUpsideDown UIInterfaceOrientationLandscapeLeft UIInterfaceOrientationLandscapeRight";
				INFOPLIST_KEY_UISupportedInterfaceOrientations_iPhone = "UIInterfaceOrientationPortrait UIInterfaceOrientationLandscapeLeft UIInterfaceOrientationLandscapeRight";
				LD_RUNPATH_SEARCH_PATHS = (
					"$(inherited)",
					"@executable_path/Frameworks",
				);
				MARKETING_VERSION = 1.0;
				PRODUCT_BUNDLE_IDENTIFIER = "conan.video-player";
				PRODUCT_NAME = "$(TARGET_NAME)";
				SWIFT_EMIT_LOC_STRINGS = YES;
				SWIFT_VERSION = 5.0;
				TARGETED_DEVICE_FAMILY = "1,2";
			};
			name = Debug;
		};
		CA3174CE2C739FCC004FC04D /* Release */ = {
			isa = XCBuildConfiguration;
			buildSettings = {
				ASSETCATALOG_COMPILER_APPICON_NAME = AppIcon;
				ASSETCATALOG_COMPILER_GLOBAL_ACCENT_COLOR_NAME = AccentColor;
				CODE_SIGN_STYLE = Automatic;
				CURRENT_PROJECT_VERSION = 1;
				DEVELOPMENT_TEAM = 49PKGS3M99;
				GENERATE_INFOPLIST_FILE = YES;
				INFOPLIST_FILE = video_player/Info.plist;
				INFOPLIST_KEY_UIApplicationSupportsIndirectInputEvents = YES;
				INFOPLIST_KEY_UILaunchStoryboardName = LaunchScreen;
				INFOPLIST_KEY_UIMainStoryboardFile = Main;
				INFOPLIST_KEY_UISupportedInterfaceOrientations_iPad = "UIInterfaceOrientationPortrait UIInterfaceOrientationPortraitUpsideDown UIInterfaceOrientationLandscapeLeft UIInterfaceOrientationLandscapeRight";
				INFOPLIST_KEY_UISupportedInterfaceOrientations_iPhone = "UIInterfaceOrientationPortrait UIInterfaceOrientationLandscapeLeft UIInterfaceOrientationLandscapeRight";
				LD_RUNPATH_SEARCH_PATHS = (
					"$(inherited)",
					"@executable_path/Frameworks",
				);
				MARKETING_VERSION = 1.0;
				PRODUCT_BUNDLE_IDENTIFIER = "conan.video-player";
				PRODUCT_NAME = "$(TARGET_NAME)";
				SWIFT_EMIT_LOC_STRINGS = YES;
				SWIFT_VERSION = 5.0;
				TARGETED_DEVICE_FAMILY = "1,2";
			};
			name = Release;
		};
		CA3174D02C739FCC004FC04D /* Debug */ = {
			isa = XCBuildConfiguration;
			buildSettings = {
				ALWAYS_EMBED_SWIFT_STANDARD_LIBRARIES = YES;
				BUNDLE_LOADER = "$(TEST_HOST)";
				CODE_SIGN_STYLE = Automatic;
				CURRENT_PROJECT_VERSION = 1;
				DEVELOPMENT_TEAM = 49PKGS3M99;
				GENERATE_INFOPLIST_FILE = YES;
				IPHONEOS_DEPLOYMENT_TARGET = 17.5;
				MARKETING_VERSION = 1.0;
				PRODUCT_BUNDLE_IDENTIFIER = "conan.video-playerTests";
				PRODUCT_NAME = "$(TARGET_NAME)";
				SWIFT_EMIT_LOC_STRINGS = NO;
				SWIFT_VERSION = 5.0;
				TARGETED_DEVICE_FAMILY = "1,2";
				TEST_HOST = "$(BUILT_PRODUCTS_DIR)/video_player.app/$(BUNDLE_EXECUTABLE_FOLDER_PATH)/video_player";
			};
			name = Debug;
		};
		CA3174D12C739FCC004FC04D /* Release */ = {
			isa = XCBuildConfiguration;
			buildSettings = {
				ALWAYS_EMBED_SWIFT_STANDARD_LIBRARIES = YES;
				BUNDLE_LOADER = "$(TEST_HOST)";
				CODE_SIGN_STYLE = Automatic;
				CURRENT_PROJECT_VERSION = 1;
				DEVELOPMENT_TEAM = 49PKGS3M99;
				GENERATE_INFOPLIST_FILE = YES;
				IPHONEOS_DEPLOYMENT_TARGET = 17.5;
				MARKETING_VERSION = 1.0;
				PRODUCT_BUNDLE_IDENTIFIER = "conan.video-playerTests";
				PRODUCT_NAME = "$(TARGET_NAME)";
				SWIFT_EMIT_LOC_STRINGS = NO;
				SWIFT_VERSION = 5.0;
				TARGETED_DEVICE_FAMILY = "1,2";
				TEST_HOST = "$(BUILT_PRODUCTS_DIR)/video_player.app/$(BUNDLE_EXECUTABLE_FOLDER_PATH)/video_player";
			};
			name = Release;
		};
		CA3174D32C739FCC004FC04D /* Debug */ = {
			isa = XCBuildConfiguration;
			buildSettings = {
				ALWAYS_EMBED_SWIFT_STANDARD_LIBRARIES = YES;
				CODE_SIGN_STYLE = Automatic;
				CURRENT_PROJECT_VERSION = 1;
				DEVELOPMENT_TEAM = 49PKGS3M99;
				GENERATE_INFOPLIST_FILE = YES;
				MARKETING_VERSION = 1.0;
				PRODUCT_BUNDLE_IDENTIFIER = "conan.video-playerUITests";
				PRODUCT_NAME = "$(TARGET_NAME)";
				SWIFT_EMIT_LOC_STRINGS = NO;
				SWIFT_VERSION = 5.0;
				TARGETED_DEVICE_FAMILY = "1,2";
				TEST_TARGET_NAME = video_player;
			};
			name = Debug;
		};
		CA3174D42C739FCC004FC04D /* Release */ = {
			isa = XCBuildConfiguration;
			buildSettings = {
				ALWAYS_EMBED_SWIFT_STANDARD_LIBRARIES = YES;
				CODE_SIGN_STYLE = Automatic;
				CURRENT_PROJECT_VERSION = 1;
				DEVELOPMENT_TEAM = 49PKGS3M99;
				GENERATE_INFOPLIST_FILE = YES;
				MARKETING_VERSION = 1.0;
				PRODUCT_BUNDLE_IDENTIFIER = "conan.video-playerUITests";
				PRODUCT_NAME = "$(TARGET_NAME)";
				SWIFT_EMIT_LOC_STRINGS = NO;
				SWIFT_VERSION = 5.0;
				TARGETED_DEVICE_FAMILY = "1,2";
				TEST_TARGET_NAME = video_player;
			};
			name = Release;
		};
/* End XCBuildConfiguration section */

/* Begin XCConfigurationList section */
		CA31749D2C739FCB004FC04D /* Build configuration list for PBXProject "video_player" */ = {
			isa = XCConfigurationList;
			buildConfigurations = (
				CA3174CA2C739FCC004FC04D /* Debug */,
				CA3174CB2C739FCC004FC04D /* Release */,
			);
			defaultConfigurationIsVisible = 0;
			defaultConfigurationName = Release;
		};
		CA3174CC2C739FCC004FC04D /* Build configuration list for PBXNativeTarget "video_player" */ = {
			isa = XCConfigurationList;
			buildConfigurations = (
				CA3174CD2C739FCC004FC04D /* Debug */,
				CA3174CE2C739FCC004FC04D /* Release */,
			);
			defaultConfigurationIsVisible = 0;
			defaultConfigurationName = Release;
		};
		CA3174CF2C739FCC004FC04D /* Build configuration list for PBXNativeTarget "video_playerTests" */ = {
			isa = XCConfigurationList;
			buildConfigurations = (
				CA3174D02C739FCC004FC04D /* Debug */,
				CA3174D12C739FCC004FC04D /* Release */,
			);
			defaultConfigurationIsVisible = 0;
			defaultConfigurationName = Release;
		};
		CA3174D22C739FCC004FC04D /* Build configuration list for PBXNativeTarget "video_playerUITests" */ = {
			isa = XCConfigurationList;
			buildConfigurations = (
				CA3174D32C739FCC004FC04D /* Debug */,
				CA3174D42C739FCC004FC04D /* Release */,
			);
			defaultConfigurationIsVisible = 0;
			defaultConfigurationName = Release;
		};
/* End XCConfigurationList section */
	};
	rootObject = CA31749A2C739FCB004FC04D /* Project object */;
}
